
Microsoft Visual Studio Solution File, Format Version 12.00
# Visual Studio 15
VisualStudioVersion = 15.0.28010.2050
MinimumVisualStudioVersion = 10.0.40219.1
Project("{9092AA53-FB77-4645-B42D-1CCCA6BD08BD}") = "CodeAnyApp1", "CodeAnyApp1\CodeAnyApp1.njsproj", "{C36F312F-141B-408F-979A-341BB32D677C}"
EndProject
Global
	GlobalSection(SolutionConfigurationPlatforms) = preSolution
		Debug|Any CPU = Debug|Any CPU
		Release|Any CPU = Release|Any CPU
	EndGlobalSection
	GlobalSection(ProjectConfigurationPlatforms) = postSolution
		{C36F312F-141B-408F-979A-341BB32D677C}.Debug|Any CPU.ActiveCfg = Debug|Any CPU
		{C36F312F-141B-408F-979A-341BB32D677C}.Debug|Any CPU.Build.0 = Debug|Any CPU
		{C36F312F-141B-408F-979A-341BB32D677C}.Release|Any CPU.ActiveCfg = Release|Any CPU
		{C36F312F-141B-408F-979A-341BB32D677C}.Release|Any CPU.Build.0 = Release|Any CPU
	EndGlobalSection
	GlobalSection(SolutionProperties) = preSolution
		HideSolutionNode = FALSE
	EndGlobalSection
	GlobalSection(ExtensibilityGlobals) = postSolution
		SolutionGuid = {0BB2C0B1-CFA9-4D11-BD10-21BD7C57D1AA}
	EndGlobalSection
EndGlobal
